github.com/cheekybits/is v0.0.0-20150225183255-68e9c0620927 h1:SKI1/fuSdodxmNNyVBR8d7X/HuLnRpvvFO0AgyQk764=
github.com/cheekybits/is v0.0.0-20150225183255-68e9c0620927/go.mod h1:h/aW8ynjgkuj+NQRlZcDbAbM1ORAbXjXX77sX7T289U=
github.com/matryer/respond v1.0.1 h1:RSG07jdn32pH46t4UO1TnpnKlR/ayIpEa4aiK2f9k1U=
github.com/matryer/respond v1.0.1/go.mod h1:XHpqRsK4LZQgk6twGA/CrtxNBaayoYiKUqj0Mjkj3Hg=
gopkg.in/matryer/respond.v1 v1.0.1 h1:Itm+IoYr5LVM7mmcjX9eHlFfRSit9eOP2MB3pUO37uw=
gopkg.in/matryer/respond.v1 v1.0.1/go.mod h1:MSya9AiskDI8GRiRbVzi8xo5XatVW44f2jVpa87958k=
